
Microsoft Visual Studio Solution File, Format Version 12.00
# Visual Studio Version 17
VisualStudioVersion = 17.10.35013.160
MinimumVisualStudioVersion = 10.0.40219.1
Project("{FAE04EC0-301F-11D3-BF4B-00C04F79EFBC}") = "TransactionsAPI", "TransactionsAPI\TransactionsAPI.csproj", "{4B0D1407-5B40-41A4-B539-E2F9E5B0FAC0}"
EndProject
Global
	GlobalSection(SolutionConfigurationPlatforms) = preSolution
		Debug|Any CPU = Debug|Any CPU
		Release|Any CPU = Release|Any CPU
	EndGlobalSection
	GlobalSection(ProjectConfigurationPlatforms) = postSolution
		{4B0D1407-5B40-41A4-B539-E2F9E5B0FAC0}.Debug|Any CPU.ActiveCfg = Debug|Any CPU
		{4B0D1407-5B40-41A4-B539-E2F9E5B0FAC0}.Debug|Any CPU.Build.0 = Debug|Any CPU
		{4B0D1407-5B40-41A4-B539-E2F9E5B0FAC0}.Release|Any CPU.ActiveCfg = Release|Any CPU
		{4B0D1407-5B40-41A4-B539-E2F9E5B0FAC0}.Release|Any CPU.Build.0 = Release|Any CPU
	EndGlobalSection
	GlobalSection(SolutionProperties) = preSolution
		HideSolutionNode = FALSE
	EndGlobalSection
	GlobalSection(ExtensibilityGlobals) = postSolution
		SolutionGuid = {C4BE2A0A-5FC5-4D8F-BFF0-7BD172FB4F09}
	EndGlobalSection
EndGlobal
